// !$*UTF8*$!
{
	archiveVersion = 1;
	classes = {
	};
	objectVersion = 46;
	objects = {

/* Begin PBXBuildFile section */
		9C23968C1D43CFB000EF4B56 /* core.hpp in Headers */ = {isa = PBXBuildFile; fileRef = 9C23968B1D43CFB000EF4B56 /* core.hpp */; };
		9C23968E1D43CFB000EF4B56 /* corePriv.hpp in Headers */ = {isa = PBXBuildFile; fileRef = 9C23968D1D43CFB000EF4B56 /* corePriv.hpp */; };
		9C2396901D43CFB000EF4B56 /* core.cpp in Sources */ = {isa = PBXBuildFile; fileRef = 9C23968F1D43CFB000EF4B56 /* core.cpp */; };
/* End PBXBuildFile section */

/* Begin PBXFileReference section */
		9C2396881D43CFB000EF4B56 /* libcore.a */ = {isa = PBXFileReference; explicitFileType = archive.ar; includeInIndex = 0; path = libcore.a; sourceTree = BUILT_PRODUCTS_DIR; };
		9C23968B1D43CFB000EF4B56 /* core.hpp */ = {isa = PBXFileReference; lastKnownFileType = sourcecode.cpp.h; path = core.hpp; sourceTree = "<group>"; };
		9C23968D1D43CFB000EF4B56 /* corePriv.hpp */ = {isa = PBXFileReference; lastKnownFileType = sourcecode.cpp.h; path = corePriv.hpp; sourceTree = "<group>"; };
		9C23968F1D43CFB000EF4B56 /* core.cpp */ = {isa = PBXFileReference; lastKnownFileType = sourcecode.cpp.cpp; path = core.cpp; sourceTree = "<group>"; };
/* End PBXFileReference section */

/* Begin PBXFrameworksBuildPhase section */
		9C2396851D43CFB000EF4B56 /* Frameworks */ = {
			isa = PBXFrameworksBuildPhase;
			buildActionMask = 2147483647;
			files = (
			);
			runOnlyForDeploymentPostprocessing = 0;
		};
/* End PBXFrameworksBuildPhase section */

/* Begin PBXGroup section */
		9C23967F1D43CFB000EF4B56 = {
			isa = PBXGroup;
			children = (
				9C23968A1D43CFB000EF4B56 /* core */,
				9C2396891D43CFB000EF4B56 /* Products */,
			);
			sourceTree = "<group>";
		};
		9C2396891D43CFB000EF4B56 /* Products */ = {
			isa = PBXGroup;
			children = (
				9C2396881D43CFB000EF4B56 /* libcore.a */,
			);
			name = Products;
			sourceTree = "<group>";
		};
		9C23968A1D43CFB000EF4B56 /* core */ = {
			isa = PBXGroup;
			children = (
				9C23968B1D43CFB000EF4B56 /* core.hpp */,
				9C23968D1D43CFB000EF4B56 /* corePriv.hpp */,
				9C23968F1D43CFB000EF4B56 /* core.cpp */,
			);
			path = core;
			sourceTree = "<group>";
		};
/* End PBXGroup section */

/* Begin PBXHeadersBuildPhase section */
		9C2396861D43CFB000EF4B56 /* Headers */ = {
			isa = PBXHeadersBuildPhase;
			buildActionMask = 2147483647;
			files = (
				9C23968E1D43CFB000EF4B56 /* corePriv.hpp in Headers */,
				9C23968C1D43CFB000EF4B56 /* core.hpp in Headers */,
			);
			runOnlyForDeploymentPostprocessing = 0;
		};
/* End PBXHeadersBuildPhase section */

/* Begin PBXNativeTarget section */
		9C2396871D43CFB000EF4B56 /* core */ = {
			isa = PBXNativeTarget;
			buildConfigurationList = 9C2396931D43CFB000EF4B56 /* Build configuration list for PBXNativeTarget "core" */;
			buildPhases = (
				9C2396841D43CFB000EF4B56 /* Sources */,
				9C2396851D43CFB000EF4B56 /* Frameworks */,
				9C2396861D43CFB000EF4B56 /* Headers */,
			);
			buildRules = (
			);
			dependencies = (
			);
			name = core;
			productName = core;
			productReference = 9C2396881D43CFB000EF4B56 /* libcore.a */;
			productType = "com.apple.product-type.library.static";
		};
/* End PBXNativeTarget section */

/* Begin PBXProject section */
		9C2396801D43CFB000EF4B56 /* Project object */ = {
			isa = PBXProject;
			attributes = {
				LastUpgradeCheck = 0730;
				ORGANIZATIONNAME = ITBA;
				TargetAttributes = {
					9C2396871D43CFB000EF4B56 = {
						CreatedOnToolsVersion = 7.3;
					};
				};
			};
			buildConfigurationList = 9C2396831D43CFB000EF4B56 /* Build configuration list for PBXProject "core" */;
			compatibilityVersion = "Xcode 3.2";
			developmentRegion = English;
			hasScannedForEncodings = 0;
			knownRegions = (
				en,
			);
			mainGroup = 9C23967F1D43CFB000EF4B56;
			productRefGroup = 9C2396891D43CFB000EF4B56 /* Products */;
			projectDirPath = "";
			projectRoot = "";
			targets = (
				9C2396871D43CFB000EF4B56 /* core */,
			);
		};
/* End PBXProject section */

/* Begin PBXSourcesBuildPhase section */
		9C2396841D43CFB000EF4B56 /* Sources */ = {
			isa = PBXSourcesBuildPhase;
			buildActionMask = 2147483647;
			files = (
				9C2396901D43CFB000EF4B56 /* core.cpp in Sources */,
			);
			runOnlyForDeploymentPostprocessing = 0;
		};
/* End PBXSourcesBuildPhase section */

/* Begin XCBuildConfiguration section */
		9C2396911D43CFB000EF4B56 /* Debug */ = {
			isa = XCBuildConfiguration;
			buildSettings = {
				ALWAYS_SEARCH_USER_PATHS = NO;
				CLANG_ANALYZER_NONNULL = YES;
				CLANG_CXX_LANGUAGE_STANDARD = "gnu++0x";
				CLANG_CXX_LIBRARY = "libc++";
				CLANG_ENABLE_MODULES = YES;
				CLANG_ENABLE_OBJC_ARC = YES;
				CLANG_WARN_BOOL_CONVERSION = YES;
				CLANG_WARN_CONSTANT_CONVERSION = YES;
				CLANG_WARN_DIRECT_OBJC_ISA_USAGE = YES_ERROR;
				CLANG_WARN_EMPTY_BODY = YES;
				CLANG_WARN_ENUM_CONVERSION = YES;
				CLANG_WARN_INT_CONVERSION = YES;
				CLANG_WARN_OBJC_ROOT_CLASS = YES_ERROR;
				CLANG_WARN_UNREACHABLE_CODE = YES;
				CLANG_WARN__DUPLICATE_METHOD_MATCH = YES;
				CODE_SIGN_IDENTITY = "-";
				COPY_PHASE_STRIP = NO;
				DEBUG_INFORMATION_FORMAT = dwarf;
				ENABLE_STRICT_OBJC_MSGSEND = YES;
				ENABLE_TESTABILITY = YES;
				GCC_C_LANGUAGE_STANDARD = gnu99;
				GCC_DYNAMIC_NO_PIC = NO;
				GCC_NO_COMMON_BLOCKS = YES;
				GCC_OPTIMIZATION_LEVEL = 0;
				GCC_PREPROCESSOR_DEFINITIONS = (
					"DEBUG=1",
					"$(inherited)",
				);
				GCC_WARN_64_TO_32_BIT_CONVERSION = YES;
				GCC_WARN_ABOUT_RETURN_TYPE = YES_ERROR;
				GCC_WARN_UNDECLARED_SELECTOR = YES;
				GCC_WARN_UNINITIALIZED_AUTOS = YES_AGGRESSIVE;
				GCC_WARN_UNUSED_FUNCTION = YES;
				GCC_WARN_UNUSED_VARIABLE = YES;
				MACOSX_DEPLOYMENT_TARGET = 10.11;
				MTL_ENABLE_DEBUG_INFO = YES;
				ONLY_ACTIVE_ARCH = YES;
				SDKROOT = macosx;
			};
			name = Debug;
		};
		9C2396921D43CFB000EF4B56 /* Release */ = {
			isa = XCBuildConfiguration;
			buildSettings = {
				ALWAYS_SEARCH_USER_PATHS = NO;
				CLANG_ANALYZER_NONNULL = YES;
				CLANG_CXX_LANGUAGE_STANDARD = "gnu++0x";
				CLANG_CXX_LIBRARY = "libc++";
				CLANG_ENABLE_MODULES = YES;
				CLANG_ENABLE_OBJC_ARC = YES;
				CLANG_WARN_BOOL_CONVERSION = YES;
				CLANG_WARN_CONSTANT_CONVERSION = YES;
				CLANG_WARN_DIRECT_OBJC_ISA_USAGE = YES_ERROR;
				CLANG_WARN_EMPTY_BODY = YES;
				CLANG_WARN_ENUM_CONVERSION = YES;
				CLANG_WARN_INT_CONVERSION = YES;
				CLANG_WARN_OBJC_ROOT_CLASS = YES_ERROR;
				CLANG_WARN_UNREACHABLE_CODE = YES;
				CLANG_WARN__DUPLICATE_METHOD_MATCH = YES;
				CODE_SIGN_IDENTITY = "-";
				COPY_PHASE_STRIP = NO;
				DEBUG_INFORMATION_FORMAT = "dwarf-with-dsym";
				ENABLE_NS_ASSERTIONS = NO;
				ENABLE_STRICT_OBJC_MSGSEND = YES;
				GCC_C_LANGUAGE_STANDARD = gnu99;
				GCC_NO_COMMON_BLOCKS = YES;
				GCC_WARN_64_TO_32_BIT_CONVERSION = YES;
				GCC_WARN_ABOUT_RETURN_TYPE = YES_ERROR;
				GCC_WARN_UNDECLARED_SELECTOR = YES;
				GCC_WARN_UNINITIALIZED_AUTOS = YES_AGGRESSIVE;
				GCC_WARN_UNUSED_FUNCTION = YES;
				GCC_WARN_UNUSED_VARIABLE = YES;
				MACOSX_DEPLOYMENT_TARGET = 10.11;
				MTL_ENABLE_DEBUG_INFO = NO;
				SDKROOT = macosx;
			};
			name = Release;
		};
		9C2396941D43CFB000EF4B56 /* Debug */ = {
			isa = XCBuildConfiguration;
			buildSettings = {
				EXECUTABLE_PREFIX = lib;
				GCC_ENABLE_CPP_EXCEPTIONS = YES;
				GCC_ENABLE_CPP_RTTI = YES;
				PRODUCT_NAME = "$(TARGET_NAME)";
			};
			name = Debug;
		};
		9C2396951D43CFB000EF4B56 /* Release */ = {
			isa = XCBuildConfiguration;
			buildSettings = {
				EXECUTABLE_PREFIX = lib;
				GCC_ENABLE_CPP_EXCEPTIONS = YES;
				GCC_ENABLE_CPP_RTTI = YES;
				PRODUCT_NAME = "$(TARGET_NAME)";
			};
			name = Release;
		};
/* End XCBuildConfiguration section */

/* Begin XCConfigurationList section */
		9C2396831D43CFB000EF4B56 /* Build configuration list for PBXProject "core" */ = {
			isa = XCConfigurationList;
			buildConfigurations = (
				9C2396911D43CFB000EF4B56 /* Debug */,
				9C2396921D43CFB000EF4B56 /* Release */,
			);
			defaultConfigurationIsVisible = 0;
			defaultConfigurationName = Release;
		};
		9C2396931D43CFB000EF4B56 /* Build configuration list for PBXNativeTarget "core" */ = {
			isa = XCConfigurationList;
			buildConfigurations = (
				9C2396941D43CFB000EF4B56 /* Debug */,
				9C2396951D43CFB000EF4B56 /* Release */,
			);
			defaultConfigurationIsVisible = 0;
		};
/* End XCConfigurationList section */
	};
	rootObject = 9C2396801D43CFB000EF4B56 /* Project object */;
}
